
Microsoft Visual Studio Solution File, Format Version 12.00
# Visual Studio Version 17
VisualStudioVersion = 17.3.32901.215
MinimumVisualStudioVersion = 10.0.40219.1
Project("{FAE04EC0-301F-11D3-BF4B-00C04F79EFBC}") = "Hotel_Project", "Hotel_Project\Hotel_Project.csproj", "{6BE41AF5-2546-4076-B267-E6BA2E632EDF}"
EndProject
Global
	GlobalSection(SolutionConfigurationPlatforms) = preSolution
		Debug|Any CPU = Debug|Any CPU
		Release|Any CPU = Release|Any CPU
	EndGlobalSection
	GlobalSection(ProjectConfigurationPlatforms) = postSolution
		{6BE41AF5-2546-4076-B267-E6BA2E632EDF}.Debug|Any CPU.ActiveCfg = Debug|Any CPU
		{6BE41AF5-2546-4076-B267-E6BA2E632EDF}.Debug|Any CPU.Build.0 = Debug|Any CPU
		{6BE41AF5-2546-4076-B267-E6BA2E632EDF}.Release|Any CPU.ActiveCfg = Release|Any CPU
		{6BE41AF5-2546-4076-B267-E6BA2E632EDF}.Release|Any CPU.Build.0 = Release|Any CPU
	EndGlobalSection
	GlobalSection(SolutionProperties) = preSolution
		HideSolutionNode = FALSE
	EndGlobalSection
	GlobalSection(ExtensibilityGlobals) = postSolution
		SolutionGuid = {91C6E593-AB7F-410C-B630-7F3EF0C42BFD}
	EndGlobalSection
EndGlobal
